<?xml version="1.0" encoding="utf-8"?>
<Project ToolsVersion="4.0" xmlns="http://schemas.microsoft.com/developer/msbuild/2003">
  <ItemGroup>
    <Filter Include="Source files">
      <UniqueIdentifier>{4323bc50-7ac3-4bd4-a6eb-6c6e1def30b3}</UniqueIdentifier>
      <Extensions>cpp;c;cc;cxx;def;odl;idl;hpj;bat;asm;asmx</Extensions>
    </Filter>
    <Filter Include="Header files">
      <UniqueIdentifier>{f7e3d001-6d28-4811-b392-9a03f6c77d83}</UniqueIdentifier>
      <Extensions>h;hpp;hxx;hm;inl;inc;xsd</Extensions>
    </Filter>
    <Filter Include="Resource files">
      <UniqueIdentifier>{34ef0d29-147a-4718-99a3-99d1561c101b}</UniqueIdentifier>
      <Extensions>rc;ico;cur;bmp;dlg;rc2;rct;bin;rgs;gif;jpg;jpeg;jpe;resx;tiff;tif;png;wav</Extensions>
    </Filter>
    <Filter Include="Source files\Device-specific files">
      <UniqueIdentifier>{55e5c0a3-b089-4ebe-b9b2-075aedb81063}</UniqueIdentifier>
    </Filter>
    <Filter Include="Header files\Device-specific files">
      <UniqueIdentifier>{6bffd826-6382-44f3-ad67-0124563816fa}</UniqueIdentifier>
    </Filter>
    <Filter Include="VisualGDB settings">
      <UniqueIdentifier>{31527ef8-d7a4-4177-93d8-9159390c6026}</UniqueIdentifier>
    </Filter>
    <Filter Include="app">
      <UniqueIdentifier>{34399e34-c308-495e-99d6-5ecdea357f76}</UniqueIdentifier>
    </Filter>
    <Filter Include="drivers">
      <UniqueIdentifier>{eeb458bc-3c08-4972-be57-9fa422594979}</UniqueIdentifier>
    </Filter>
    <Filter Include="drivers\KL27">
      <UniqueIdentifier>{a12ffb49-be39-4eda-853f-e7c119973c6d}</UniqueIdentifier>
    </Filter>
    <Filter Include="thirdparty">
      <UniqueIdentifier>{c1efc54a-39c3-492e-aa22-a795a9679316}</UniqueIdentifier>
    </Filter>
  </ItemGroup>
  <ItemGroup>
    <None Include="kinetis.props">
      <Filter>Source files\Device-specific files</Filter>
    </None>
    <ClInclude Include="$(BSP_ROOT)\platform\CMSIS\Include\arm_common_tables.h">
      <Filter>Header files\Device-specific files</Filter>
    </ClInclude>
    <ClInclude Include="$(BSP_ROOT)\platform\CMSIS\Include\arm_const_structs.h">
      <Filter>Header files\Device-specific files</Filter>
    </ClInclude>
    <ClInclude Include="$(BSP_ROOT)\platform\CMSIS\Include\arm_math.h">
      <Filter>Header files\Device-specific files</Filter>
    </ClInclude>
    <ClInclude Include="$(BSP_ROOT)\platform\CMSIS\Include\core_cm0plus.h">
      <Filter>Header files\Device-specific files</Filter>
    </ClInclude>
    <ClInclude Include="$(BSP_ROOT)\platform\CMSIS\Include\core_cm4.h">
      <Filter>Header files\Device-specific files</Filter>
    </ClInclude>
    <ClInclude Include="$(BSP_ROOT)\platform\CMSIS\Include\core_cm7.h">
      <Filter>Header files\Device-specific files</Filter>
    </ClInclude>
    <ClInclude Include="$(BSP_ROOT)\platform\CMSIS\Include\core_cmFunc.h">
      <Filter>Header files\Device-specific files</Filter>
    </ClInclude>
    <ClInclude Include="$(BSP_ROOT)\platform\CMSIS\Include\core_cmInstr.h">
      <Filter>Header files\Device-specific files</Filter>
    </ClInclude>
    <ClInclude Include="$(BSP_ROOT)\platform\CMSIS\Include\core_cmSimd.h">
      <Filter>Header files\Device-specific files</Filter>
    </ClInclude>
    <ClInclude Include="$(BSP_ROOT)\platform\devices\fsl_device_registers.h">
      <Filter>Header files\Device-specific files</Filter>
    </ClInclude>
    <ClInclude Include="$(BSP_ROOT)\platform\devices\MKL27Z644\include\fsl_bitaccess.h">
      <Filter>Header files\Device-specific files</Filter>
    </ClInclude>
    <ClInclude Include="$(BSP_ROOT)\platform\devices\MKL27Z644\include\MKL27Z644.h">
      <Filter>Header files\Device-specific files</Filter>
    </ClInclude>
    <ClInclude Include="$(BSP_ROOT)\platform\devices\MKL27Z644\include\MKL27Z644_extension.h">
      <Filter>Header files\Device-specific files</Filter>
    </ClInclude>
    <ClInclude Include="$(BSP_ROOT)\platform\devices\MKL27Z644\include\MKL27Z644_features.h">
      <Filter>Header files\Device-specific files</Filter>
    </ClInclude>
    <ClInclude Include="$(BSP_ROOT)\platform\devices\MKL27Z644\startup\system_MKL27Z644.h">
      <Filter>Header files\Device-specific files</Filter>
    </ClInclude>
    <None Include="redurchin-Debug.vgdbsettings">
      <Filter>VisualGDB settings</Filter>
    </None>
    <None Include="redurchin-Release.vgdbsettings">
      <Filter>VisualGDB settings</Filter>
    </None>
    <None Include="kinetis.xml">
      <Filter>VisualGDB settings</Filter>
    </None>
  </ItemGroup>
  <ItemGroup>
    <ClCompile Include="drivers\KL27\usb_device_cdc_acm.c">
      <Filter>drivers\KL27</Filter>
    </ClCompile>
    <ClCompile Include="drivers\KL27\usb_device_ch9.c">
      <Filter>drivers\KL27</Filter>
    </ClCompile>
    <ClCompile Include="drivers\KL27\usb_device_descriptor.c">
      <Filter>drivers\KL27</Filter>
    </ClCompile>
    <ClCompile Include="drivers\KL27\board.c">
      <Filter>drivers\KL27</Filter>
    </ClCompile>
    <ClCompile Include="drivers\KL27\clock_config.c">
      <Filter>drivers\KL27</Filter>
    </ClCompile>
    <ClCompile Include="drivers\KL27\pin_mux.c">
      <Filter>drivers\KL27</Filter>
    </ClCompile>
    <ClCompile Include="app\main.c">
      <Filter>app</Filter>
    </ClCompile>
    <ClCompile Include="thirdparty\Kinetis-SDK\middleware\usb\device\usb_device_dci.c">
      <Filter>thirdparty</Filter>
    </ClCompile>
    <ClCompile Include="thirdparty\Kinetis-SDK\middleware\usb\device\usb_device_khci.c">
      <Filter>thirdparty</Filter>
    </ClCompile>
    <ClCompile Include="thirdparty\Kinetis-SDK\middleware\usb\osa\usb_osa_bm.c">
      <Filter>thirdparty</Filter>
    </ClCompile>
    <ClCompile Include="thirdparty\Kinetis-SDK\devices\MKL27Z644\drivers\fsl_clock.c">
      <Filter>thirdparty</Filter>
    </ClCompile>
    <ClCompile Include="thirdparty\Kinetis-SDK\devices\MKL27Z644\utilities\fsl_debug_console.c">
      <Filter>thirdparty</Filter>
    </ClCompile>
    <ClCompile Include="thirdparty\Kinetis-SDK\devices\MKL27Z644\utilities\log\fsl_log.c">
      <Filter>thirdparty</Filter>
    </ClCompile>
    <ClCompile Include="thirdparty\Kinetis-SDK\devices\MKL27Z644\utilities\str\fsl_str.c">
      <Filter>thirdparty</Filter>
    </ClCompile>
    <ClCompile Include="thirdparty\Kinetis-SDK\devices\MKL27Z644\utilities\io\fsl_io.c">
      <Filter>thirdparty</Filter>
    </ClCompile>
    <ClCompile Include="thirdparty\Kinetis-SDK\devices\MKL27Z644\drivers\fsl_uart.c">
      <Filter>thirdparty</Filter>
    </ClCompile>
    <ClCompile Include="thirdparty\Kinetis-SDK\devices\MKL27Z644\drivers\fsl_lpuart.c">
      <Filter>thirdparty</Filter>
    </ClCompile>
    <ClCompile Include="drivers\KL27\hardware.c">
      <Filter>drivers\KL27</Filter>
    </ClCompile>
    <ClCompile Include="drivers\KL27\usb_cdc.c">
      <Filter>drivers\KL27</Filter>
    </ClCompile>
    <ClCompile Include="thirdparty\BSP\startup.c">
      <Filter>Source files\Device-specific files</Filter>
    </ClCompile>
    <ClCompile Include="thirdparty\BSP\system_MKL27Z644.c">
      <Filter>Source files\Device-specific files</Filter>
    </ClCompile>
    <ClCompile Include="thirdparty\BSP\vectors_KL27Z644.c">
      <Filter>Source files\Device-specific files</Filter>
    </ClCompile>
  </ItemGroup>
  <ItemGroup>
    <ClInclude Include="drivers\KL27\usb_device_cdc_acm.h">
      <Filter>drivers\KL27</Filter>
    </ClInclude>
    <ClInclude Include="drivers\KL27\usb_device_ch9.h">
      <Filter>drivers\KL27</Filter>
    </ClInclude>
    <ClInclude Include="drivers\KL27\usb_device_config.h">
      <Filter>drivers\KL27</Filter>
    </ClInclude>
    <ClInclude Include="drivers\KL27\usb_device_descriptor.h">
      <Filter>drivers\KL27</Filter>
    </ClInclude>
    <ClInclude Include="drivers\KL27\virtual_com.h">
      <Filter>drivers\KL27</Filter>
    </ClInclude>
    <ClInclude Include="drivers\KL27\board.h">
      <Filter>drivers\KL27</Filter>
    </ClInclude>
    <ClInclude Include="drivers\KL27\clock_config.h">
      <Filter>drivers\KL27</Filter>
    </ClInclude>
    <ClInclude Include="drivers\KL27\pin_mux.h">
      <Filter>drivers\KL27</Filter>
    </ClInclude>
    <ClInclude Include="drivers\hardware.h">
      <Filter>drivers</Filter>
    </ClInclude>
    <ClInclude Include="drivers\usb_cdc.h">
      <Filter>drivers</Filter>
    </ClInclude>
  </ItemGroup>
</Project>